// !$*UTF8*$!
{
	archiveVersion = 1;
	classes = {
	};
	objectVersion = 48;
	objects = {

/* Begin PBXBuildFile section */
		620A828F2126C23E00B250B7 /* AppDelegate.swift in Sources */ = {isa = PBXBuildFile; fileRef = 620A828E2126C23E00B250B7 /* AppDelegate.swift */; };
		620A82912126C23E00B250B7 /* ViewController.swift in Sources */ = {isa = PBXBuildFile; fileRef = 620A82902126C23E00B250B7 /* ViewController.swift */; };
		620A82942126C23E00B250B7 /* Main.storyboard in Resources */ = {isa = PBXBuildFile; fileRef = 620A82922126C23E00B250B7 /* Main.storyboard */; };
		620A82962126C23E00B250B7 /* Assets.xcassets in Resources */ = {isa = PBXBuildFile; fileRef = 620A82952126C23E00B250B7 /* Assets.xcassets */; };
		620A82992126C23E00B250B7 /* LaunchScreen.storyboard in Resources */ = {isa = PBXBuildFile; fileRef = 620A82972126C23E00B250B7 /* LaunchScreen.storyboard */; };
		620A82A42126C23E00B250B7 /* iOSSampleAppTests.swift in Sources */ = {isa = PBXBuildFile; fileRef = 620A82A32126C23E00B250B7 /* iOSSampleAppTests.swift */; };
		620A82AF2126C23E00B250B7 /* iOSSampleAppUITests.swift in Sources */ = {isa = PBXBuildFile; fileRef = 620A82AE2126C23E00B250B7 /* iOSSampleAppUITests.swift */; };
/* End PBXBuildFile section */

/* Begin PBXContainerItemProxy section */
		620A82A02126C23E00B250B7 /* PBXContainerItemProxy */ = {
			isa = PBXContainerItemProxy;
			containerPortal = 620A82832126C23E00B250B7 /* Project object */;
			proxyType = 1;
			remoteGlobalIDString = 620A828A2126C23E00B250B7;
			remoteInfo = iOSSampleApp;
		};
		620A82AB2126C23E00B250B7 /* PBXContainerItemProxy */ = {
			isa = PBXContainerItemProxy;
			containerPortal = 620A82832126C23E00B250B7 /* Project object */;
			proxyType = 1;
			remoteGlobalIDString = 620A828A2126C23E00B250B7;
			remoteInfo = iOSSampleApp;
		};
/* End PBXContainerItemProxy section */

/* Begin PBXFileReference section */
		620A828B2126C23E00B250B7 /* iOSSampleApp.app */ = {isa = PBXFileReference; explicitFileType = wrapper.application; includeInIndex = 0; path = iOSSampleApp.app; sourceTree = BUILT_PRODUCTS_DIR; };
		620A828E2126C23E00B250B7 /* AppDelegate.swift */ = {isa = PBXFileReference; lastKnownFileType = sourcecode.swift; path = AppDelegate.swift; sourceTree = "<group>"; };
		620A82902126C23E00B250B7 /* ViewController.swift */ = {isa = PBXFileReference; lastKnownFileType = sourcecode.swift; path = ViewController.swift; sourceTree = "<group>"; };
		620A82932126C23E00B250B7 /* Base */ = {isa = PBXFileReference; lastKnownFileType = file.storyboard; name = Base; path = Base.lproj/Main.storyboard; sourceTree = "<group>"; };
		620A82952126C23E00B250B7 /* Assets.xcassets */ = {isa = PBXFileReference; lastKnownFileType = folder.assetcatalog; path = Assets.xcassets; sourceTree = "<group>"; };
		620A82982126C23E00B250B7 /* Base */ = {isa = PBXFileReference; lastKnownFileType = file.storyboard; name = Base; path = Base.lproj/LaunchScreen.storyboard; sourceTree = "<group>"; };
		620A829A2126C23E00B250B7 /* Info.plist */ = {isa = PBXFileReference; lastKnownFileType = text.plist.xml; path = Info.plist; sourceTree = "<group>"; };
		620A829F2126C23E00B250B7 /* iOSSampleAppTests.xctest */ = {isa = PBXFileReference; explicitFileType = wrapper.cfbundle; includeInIndex = 0; path = iOSSampleAppTests.xctest; sourceTree = BUILT_PRODUCTS_DIR; };
		620A82A32126C23E00B250B7 /* iOSSampleAppTests.swift */ = {isa = PBXFileReference; lastKnownFileType = sourcecode.swift; path = iOSSampleAppTests.swift; sourceTree = "<group>"; };
		620A82A52126C23E00B250B7 /* Info.plist */ = {isa = PBXFileReference; lastKnownFileType = text.plist.xml; path = Info.plist; sourceTree = "<group>"; };
		620A82AA2126C23E00B250B7 /* iOSSampleAppUITests.xctest */ = {isa = PBXFileReference; explicitFileType = wrapper.cfbundle; includeInIndex = 0; path = iOSSampleAppUITests.xctest; sourceTree = BUILT_PRODUCTS_DIR; };
		620A82AE2126C23E00B250B7 /* iOSSampleAppUITests.swift */ = {isa = PBXFileReference; lastKnownFileType = sourcecode.swift; path = iOSSampleAppUITests.swift; sourceTree = "<group>"; };
		620A82B02126C23E00B250B7 /* Info.plist */ = {isa = PBXFileReference; lastKnownFileType = text.plist.xml; path = Info.plist; sourceTree = "<group>"; };
/* End PBXFileReference section */

/* Begin PBXFrameworksBuildPhase section */
		620A82882126C23E00B250B7 /* Frameworks */ = {
			isa = PBXFrameworksBuildPhase;
			buildActionMask = 2147483647;
			files = (
			);
			runOnlyForDeploymentPostprocessing = 0;
		};
		620A829C2126C23E00B250B7 /* Frameworks */ = {
			isa = PBXFrameworksBuildPhase;
			buildActionMask = 2147483647;
			files = (
			);
			runOnlyForDeploymentPostprocessing = 0;
		};
		620A82A72126C23E00B250B7 /* Frameworks */ = {
			isa = PBXFrameworksBuildPhase;
			buildActionMask = 2147483647;
			files = (
			);
			runOnlyForDeploymentPostprocessing = 0;
		};
/* End PBXFrameworksBuildPhase section */

/* Begin PBXGroup section */
		620A82822126C23E00B250B7 = {
			isa = PBXGroup;
			children = (
				620A828D2126C23E00B250B7 /* iOSSampleApp */,
				620A82A22126C23E00B250B7 /* iOSSampleAppTests */,
				620A82AD2126C23E00B250B7 /* iOSSampleAppUITests */,
				620A828C2126C23E00B250B7 /* Products */,
			);
			sourceTree = "<group>";
		};
		620A828C2126C23E00B250B7 /* Products */ = {
			isa = PBXGroup;
			children = (
				620A828B2126C23E00B250B7 /* iOSSampleApp.app */,
				620A829F2126C23E00B250B7 /* iOSSampleAppTests.xctest */,
				620A82AA2126C23E00B250B7 /* iOSSampleAppUITests.xctest */,
			);
			name = Products;
			sourceTree = "<group>";
		};
		620A828D2126C23E00B250B7 /* iOSSampleApp */ = {
			isa = PBXGroup;
			children = (
				620A828E2126C23E00B250B7 /* AppDelegate.swift */,
				620A82902126C23E00B250B7 /* ViewController.swift */,
				620A82922126C23E00B250B7 /* Main.storyboard */,
				620A82952126C23E00B250B7 /* Assets.xcassets */,
				620A82972126C23E00B250B7 /* LaunchScreen.storyboard */,
				620A829A2126C23E00B250B7 /* Info.plist */,
			);
			path = iOSSampleApp;
			sourceTree = "<group>";
		};
		620A82A22126C23E00B250B7 /* iOSSampleAppTests */ = {
			isa = PBXGroup;
			children = (
				620A82A32126C23E00B250B7 /* iOSSampleAppTests.swift */,
				620A82A52126C23E00B250B7 /* Info.plist */,
			);
			path = iOSSampleAppTests;
			sourceTree = "<group>";
		};
		620A82AD2126C23E00B250B7 /* iOSSampleAppUITests */ = {
			isa = PBXGroup;
			children = (
				620A82AE2126C23E00B250B7 /* iOSSampleAppUITests.swift */,
				620A82B02126C23E00B250B7 /* Info.plist */,
			);
			path = iOSSampleAppUITests;
			sourceTree = "<group>";
		};
/* End PBXGroup section */

/* Begin PBXNativeTarget section */
		620A828A2126C23E00B250B7 /* iOSSampleApp */ = {
			isa = PBXNativeTarget;
			buildConfigurationList = 620A82B32126C23E00B250B7 /* Build configuration list for PBXNativeTarget "iOSSampleApp" */;
			buildPhases = (
				620A82872126C23E00B250B7 /* Sources */,
				620A82882126C23E00B250B7 /* Frameworks */,
				620A82892126C23E00B250B7 /* Resources */,
			);
			buildRules = (
			);
			dependencies = (
			);
			name = iOSSampleApp;
			productName = iOSSampleApp;
			productReference = 620A828B2126C23E00B250B7 /* iOSSampleApp.app */;
			productType = "com.apple.product-type.application";
		};
		620A829E2126C23E00B250B7 /* iOSSampleAppTests */ = {
			isa = PBXNativeTarget;
			buildConfigurationList = 620A82B62126C23E00B250B7 /* Build configuration list for PBXNativeTarget "iOSSampleAppTests" */;
			buildPhases = (
				620A829B2126C23E00B250B7 /* Sources */,
				620A829C2126C23E00B250B7 /* Frameworks */,
				620A829D2126C23E00B250B7 /* Resources */,
			);
			buildRules = (
			);
			dependencies = (
				620A82A12126C23E00B250B7 /* PBXTargetDependency */,
			);
			name = iOSSampleAppTests;
			productName = iOSSampleAppTests;
			productReference = 620A829F2126C23E00B250B7 /* iOSSampleAppTests.xctest */;
			productType = "com.apple.product-type.bundle.unit-test";
		};
		620A82A92126C23E00B250B7 /* iOSSampleAppUITests */ = {
			isa = PBXNativeTarget;
			buildConfigurationList = 620A82B92126C23E00B250B7 /* Build configuration list for PBXNativeTarget "iOSSampleAppUITests" */;
			buildPhases = (
				620A82A62126C23E00B250B7 /* Sources */,
				620A82A72126C23E00B250B7 /* Frameworks */,
				620A82A82126C23E00B250B7 /* Resources */,
			);
			buildRules = (
			);
			dependencies = (
				620A82AC2126C23E00B250B7 /* PBXTargetDependency */,
			);
			name = iOSSampleAppUITests;
			productName = iOSSampleAppUITests;
			productReference = 620A82AA2126C23E00B250B7 /* iOSSampleAppUITests.xctest */;
			productType = "com.apple.product-type.bundle.ui-testing";
		};
/* End PBXNativeTarget section */

/* Begin PBXProject section */
		620A82832126C23E00B250B7 /* Project object */ = {
			isa = PBXProject;
			attributes = {
				LastSwiftUpdateCheck = 0920;
				LastUpgradeCheck = 0920;
				ORGANIZATIONNAME = "Ms Hoa Nguyen Thi Phuc Hoa";
				TargetAttributes = {
					620A828A2126C23E00B250B7 = {
						CreatedOnToolsVersion = 9.2;
						ProvisioningStyle = Automatic;
					};
					620A829E2126C23E00B250B7 = {
						CreatedOnToolsVersion = 9.2;
						ProvisioningStyle = Automatic;
						TestTargetID = 620A828A2126C23E00B250B7;
					};
					620A82A92126C23E00B250B7 = {
						CreatedOnToolsVersion = 9.2;
						ProvisioningStyle = Automatic;
						TestTargetID = 620A828A2126C23E00B250B7;
					};
				};
			};
			buildConfigurationList = 620A82862126C23E00B250B7 /* Build configuration list for PBXProject "iOSSampleApp" */;
			compatibilityVersion = "Xcode 8.0";
			developmentRegion = en;
			hasScannedForEncodings = 0;
			knownRegions = (
				en,
				Base,
			);
			mainGroup = 620A82822126C23E00B250B7;
			productRefGroup = 620A828C2126C23E00B250B7 /* Products */;
			projectDirPath = "";
			projectRoot = "";
			targets = (
				620A828A2126C23E00B250B7 /* iOSSampleApp */,
				620A829E2126C23E00B250B7 /* iOSSampleAppTests */,
				620A82A92126C23E00B250B7 /* iOSSampleAppUITests */,
			);
		};
/* End PBXProject section */

/* Begin PBXResourcesBuildPhase section */
		620A82892126C23E00B250B7 /* Resources */ = {
			isa = PBXResourcesBuildPhase;
			buildActionMask = 2147483647;
			files = (
				620A82992126C23E00B250B7 /* LaunchScreen.storyboard in Resources */,
				620A82962126C23E00B250B7 /* Assets.xcassets in Resources */,
				620A82942126C23E00B250B7 /* Main.storyboard in Resources */,
			);
			runOnlyForDeploymentPostprocessing = 0;
		};
		620A829D2126C23E00B250B7 /* Resources */ = {
			isa = PBXResourcesBuildPhase;
			buildActionMask = 2147483647;
			files = (
			);
			runOnlyForDeploymentPostprocessing = 0;
		};
		620A82A82126C23E00B250B7 /* Resources */ = {
			isa = PBXResourcesBuildPhase;
			buildActionMask = 2147483647;
			files = (
			);
			runOnlyForDeploymentPostprocessing = 0;
		};
/* End PBXResourcesBuildPhase section */

/* Begin PBXSourcesBuildPhase section */
		620A82872126C23E00B250B7 /* Sources */ = {
			isa = PBXSourcesBuildPhase;
			buildActionMask = 2147483647;
			files = (
				620A82912126C23E00B250B7 /* ViewController.swift in Sources */,
				620A828F2126C23E00B250B7 /* AppDelegate.swift in Sources */,
			);
			runOnlyForDeploymentPostprocessing = 0;
		};
		620A829B2126C23E00B250B7 /* Sources */ = {
			isa = PBXSourcesBuildPhase;
			buildActionMask = 2147483647;
			files = (
				620A82A42126C23E00B250B7 /* iOSSampleAppTests.swift in Sources */,
			);
			runOnlyForDeploymentPostprocessing = 0;
		};
		620A82A62126C23E00B250B7 /* Sources */ = {
			isa = PBXSourcesBuildPhase;
			buildActionMask = 2147483647;
			files = (
				620A82AF2126C23E00B250B7 /* iOSSampleAppUITests.swift in Sources */,
			);
			runOnlyForDeploymentPostprocessing = 0;
		};
/* End PBXSourcesBuildPhase section */

/* Begin PBXTargetDependency section */
		620A82A12126C23E00B250B7 /* PBXTargetDependency */ = {
			isa = PBXTargetDependency;
			target = 620A828A2126C23E00B250B7 /* iOSSampleApp */;
			targetProxy = 620A82A02126C23E00B250B7 /* PBXContainerItemProxy */;
		};
		620A82AC2126C23E00B250B7 /* PBXTargetDependency */ = {
			isa = PBXTargetDependency;
			target = 620A828A2126C23E00B250B7 /* iOSSampleApp */;
			targetProxy = 620A82AB2126C23E00B250B7 /* PBXContainerItemProxy */;
		};
/* End PBXTargetDependency section */

/* Begin PBXVariantGroup section */
		620A82922126C23E00B250B7 /* Main.storyboard */ = {
			isa = PBXVariantGroup;
			children = (
				620A82932126C23E00B250B7 /* Base */,
			);
			name = Main.storyboard;
			sourceTree = "<group>";
		};
		620A82972126C23E00B250B7 /* LaunchScreen.storyboard */ = {
			isa = PBXVariantGroup;
			children = (
				620A82982126C23E00B250B7 /* Base */,
			);
			name = LaunchScreen.storyboard;
			sourceTree = "<group>";
		};
/* End PBXVariantGroup section */

/* Begin XCBuildConfiguration section */
		620A82B12126C23E00B250B7 /* Debug */ = {
			isa = XCBuildConfiguration;
			buildSettings = {
				ALWAYS_SEARCH_USER_PATHS = NO;
				CLANG_ANALYZER_NONNULL = YES;
				CLANG_ANALYZER_NUMBER_OBJECT_CONVERSION = YES_AGGRESSIVE;
				CLANG_CXX_LANGUAGE_STANDARD = "gnu++14";
				CLANG_CXX_LIBRARY = "libc++";
				CLANG_ENABLE_MODULES = YES;
				CLANG_ENABLE_OBJC_ARC = YES;
				CLANG_WARN_BLOCK_CAPTURE_AUTORELEASING = YES;
				CLANG_WARN_BOOL_CONVERSION = YES;
				CLANG_WARN_COMMA = YES;
				CLANG_WARN_CONSTANT_CONVERSION = YES;
				CLANG_WARN_DIRECT_OBJC_ISA_USAGE = YES_ERROR;
				CLANG_WARN_DOCUMENTATION_COMMENTS = YES;
				CLANG_WARN_EMPTY_BODY = YES;
				CLANG_WARN_ENUM_CONVERSION = YES;
				CLANG_WARN_INFINITE_RECURSION = YES;
				CLANG_WARN_INT_CONVERSION = YES;
				CLANG_WARN_NON_LITERAL_NULL_CONVERSION = YES;
				CLANG_WARN_OBJC_LITERAL_CONVERSION = YES;
				CLANG_WARN_OBJC_ROOT_CLASS = YES_ERROR;
				CLANG_WARN_RANGE_LOOP_ANALYSIS = YES;
				CLANG_WARN_STRICT_PROTOTYPES = YES;
				CLANG_WARN_SUSPICIOUS_MOVE = YES;
				CLANG_WARN_UNGUARDED_AVAILABILITY = YES_AGGRESSIVE;
				CLANG_WARN_UNREACHABLE_CODE = YES;
				CLANG_WARN__DUPLICATE_METHOD_MATCH = YES;
				CODE_SIGN_IDENTITY = "iPhone Developer";
				COPY_PHASE_STRIP = NO;
				DEBUG_INFORMATION_FORMAT = dwarf;
				ENABLE_STRICT_OBJC_MSGSEND = YES;
				ENABLE_TESTABILITY = YES;
				GCC_C_LANGUAGE_STANDARD = gnu11;
				GCC_DYNAMIC_NO_PIC = NO;
				GCC_NO_COMMON_BLOCKS = YES;
				GCC_OPTIMIZATION_LEVEL = 0;
				GCC_PREPROCESSOR_DEFINITIONS = (
					"DEBUG=1",
					"$(inherited)",
				);
				GCC_WARN_64_TO_32_BIT_CONVERSION = YES;
				GCC_WARN_ABOUT_RETURN_TYPE = YES_ERROR;
				GCC_WARN_UNDECLARED_SELECTOR = YES;
				GCC_WARN_UNINITIALIZED_AUTOS = YES_AGGRESSIVE;
				GCC_WARN_UNUSED_FUNCTION = YES;
				GCC_WARN_UNUSED_VARIABLE = YES;
				IPHONEOS_DEPLOYMENT_TARGET = 11.2;
				MTL_ENABLE_DEBUG_INFO = YES;
				ONLY_ACTIVE_ARCH = YES;
				SDKROOT = iphoneos;
				SWIFT_ACTIVE_COMPILATION_CONDITIONS = DEBUG;
				SWIFT_OPTIMIZATION_LEVEL = "-Onone";
			};
			name = Debug;
		};
		620A82B22126C23E00B250B7 /* Release */ = {
			isa = XCBuildConfiguration;
			buildSettings = {
				ALWAYS_SEARCH_USER_PATHS = NO;
				CLANG_ANALYZER_NONNULL = YES;
				CLANG_ANALYZER_NUMBER_OBJECT_CONVERSION = YES_AGGRESSIVE;
				CLANG_CXX_LANGUAGE_STANDARD = "gnu++14";
				CLANG_CXX_LIBRARY = "libc++";
				CLANG_ENABLE_MODULES = YES;
				CLANG_ENABLE_OBJC_ARC = YES;
				CLANG_WARN_BLOCK_CAPTURE_AUTORELEASING = YES;
				CLANG_WARN_BOOL_CONVERSION = YES;
				CLANG_WARN_COMMA = YES;
				CLANG_WARN_CONSTANT_CONVERSION = YES;
				CLANG_WARN_DIRECT_OBJC_ISA_USAGE = YES_ERROR;
				CLANG_WARN_DOCUMENTATION_COMMENTS = YES;
				CLANG_WARN_EMPTY_BODY = YES;
				CLANG_WARN_ENUM_CONVERSION = YES;
				CLANG_WARN_INFINITE_RECURSION = YES;
				CLANG_WARN_INT_CONVERSION = YES;
				CLANG_WARN_NON_LITERAL_NULL_CONVERSION = YES;
				CLANG_WARN_OBJC_LITERAL_CONVERSION = YES;
				CLANG_WARN_OBJC_ROOT_CLASS = YES_ERROR;
				CLANG_WARN_RANGE_LOOP_ANALYSIS = YES;
				CLANG_WARN_STRICT_PROTOTYPES = YES;
				CLANG_WARN_SUSPICIOUS_MOVE = YES;
				CLANG_WARN_UNGUARDED_AVAILABILITY = YES_AGGRESSIVE;
				CLANG_WARN_UNREACHABLE_CODE = YES;
				CLANG_WARN__DUPLICATE_METHOD_MATCH = YES;
				CODE_SIGN_IDENTITY = "iPhone Developer";
				COPY_PHASE_STRIP = NO;
				DEBUG_INFORMATION_FORMAT = "dwarf-with-dsym";
				ENABLE_NS_ASSERTIONS = NO;
				ENABLE_STRICT_OBJC_MSGSEND = YES;
				GCC_C_LANGUAGE_STANDARD = gnu11;
				GCC_NO_COMMON_BLOCKS = YES;
				GCC_WARN_64_TO_32_BIT_CONVERSION = YES;
				GCC_WARN_ABOUT_RETURN_TYPE = YES_ERROR;
				GCC_WARN_UNDECLARED_SELECTOR = YES;
				GCC_WARN_UNINITIALIZED_AUTOS = YES_AGGRESSIVE;
				GCC_WARN_UNUSED_FUNCTION = YES;
				GCC_WARN_UNUSED_VARIABLE = YES;
				IPHONEOS_DEPLOYMENT_TARGET = 11.2;
				MTL_ENABLE_DEBUG_INFO = NO;
				SDKROOT = iphoneos;
				SWIFT_OPTIMIZATION_LEVEL = "-Owholemodule";
				VALIDATE_PRODUCT = YES;
			};
			name = Release;
		};
		620A82B42126C23E00B250B7 /* Debug */ = {
			isa = XCBuildConfiguration;
			buildSettings = {
				ASSETCATALOG_COMPILER_APPICON_NAME = AppIcon;
				CODE_SIGN_STYLE = Automatic;
				DEVELOPMENT_TEAM = NFQ3U72H2V;
				INFOPLIST_FILE = iOSSampleApp/Info.plist;
				LD_RUNPATH_SEARCH_PATHS = "$(inherited) @executable_path/Frameworks";
				PRODUCT_BUNDLE_IDENTIFIER = com.hoanguyen.iOSSampleApp;
				PRODUCT_NAME = "$(TARGET_NAME)";
				SWIFT_VERSION = 4.0;
				TARGETED_DEVICE_FAMILY = "1,2";
			};
			name = Debug;
		};
		620A82B52126C23E00B250B7 /* Release */ = {
			isa = XCBuildConfiguration;
			buildSettings = {
				ASSETCATALOG_COMPILER_APPICON_NAME = AppIcon;
				CODE_SIGN_STYLE = Automatic;
				DEVELOPMENT_TEAM = NFQ3U72H2V;
				INFOPLIST_FILE = iOSSampleApp/Info.plist;
				LD_RUNPATH_SEARCH_PATHS = "$(inherited) @executable_path/Frameworks";
				PRODUCT_BUNDLE_IDENTIFIER = com.hoanguyen.iOSSampleApp;
				PRODUCT_NAME = "$(TARGET_NAME)";
				SWIFT_VERSION = 4.0;
				TARGETED_DEVICE_FAMILY = "1,2";
			};
			name = Release;
		};
		620A82B72126C23E00B250B7 /* Debug */ = {
			isa = XCBuildConfiguration;
			buildSettings = {
				ALWAYS_EMBED_SWIFT_STANDARD_LIBRARIES = YES;
				BUNDLE_LOADER = "$(TEST_HOST)";
				CODE_SIGN_STYLE = Automatic;
				DEVELOPMENT_TEAM = NFQ3U72H2V;
				INFOPLIST_FILE = iOSSampleAppTests/Info.plist;
				LD_RUNPATH_SEARCH_PATHS = "$(inherited) @executable_path/Frameworks @loader_path/Frameworks";
				PRODUCT_BUNDLE_IDENTIFIER = com.hoanguyen.iOSSampleAppTests;
				PRODUCT_NAME = "$(TARGET_NAME)";
				SWIFT_VERSION = 4.0;
				TARGETED_DEVICE_FAMILY = "1,2";
				TEST_HOST = "$(BUILT_PRODUCTS_DIR)/iOSSampleApp.app/iOSSampleApp";
			};
			name = Debug;
		};
		620A82B82126C23E00B250B7 /* Release */ = {
			isa = XCBuildConfiguration;
			buildSettings = {
				ALWAYS_EMBED_SWIFT_STANDARD_LIBRARIES = YES;
				BUNDLE_LOADER = "$(TEST_HOST)";
				CODE_SIGN_STYLE = Automatic;
				DEVELOPMENT_TEAM = NFQ3U72H2V;
				INFOPLIST_FILE = iOSSampleAppTests/Info.plist;
				LD_RUNPATH_SEARCH_PATHS = "$(inherited) @executable_path/Frameworks @loader_path/Frameworks";
				PRODUCT_BUNDLE_IDENTIFIER = com.hoanguyen.iOSSampleAppTests;
				PRODUCT_NAME = "$(TARGET_NAME)";
				SWIFT_VERSION = 4.0;
				TARGETED_DEVICE_FAMILY = "1,2";
				TEST_HOST = "$(BUILT_PRODUCTS_DIR)/iOSSampleApp.app/iOSSampleApp";
			};
			name = Release;
		};
		620A82BA2126C23E00B250B7 /* Debug */ = {
			isa = XCBuildConfiguration;
			buildSettings = {
				ALWAYS_EMBED_SWIFT_STANDARD_LIBRARIES = YES;
				CODE_SIGN_STYLE = Automatic;
				DEVELOPMENT_TEAM = NFQ3U72H2V;
				INFOPLIST_FILE = iOSSampleAppUITests/Info.plist;
				LD_RUNPATH_SEARCH_PATHS = "$(inherited) @executable_path/Frameworks @loader_path/Frameworks";
				PRODUCT_BUNDLE_IDENTIFIER = com.hoanguyen.iOSSampleAppUITests;
				PRODUCT_NAME = "$(TARGET_NAME)";
				SWIFT_VERSION = 4.0;
				TARGETED_DEVICE_FAMILY = "1,2";
				TEST_TARGET_NAME = iOSSampleApp;
			};
			name = Debug;
		};
		620A82BB2126C23E00B250B7 /* Release */ = {
			isa = XCBuildConfiguration;
			buildSettings = {
				ALWAYS_EMBED_SWIFT_STANDARD_LIBRARIES = YES;
				CODE_SIGN_STYLE = Automatic;
				DEVELOPMENT_TEAM = NFQ3U72H2V;
				INFOPLIST_FILE = iOSSampleAppUITests/Info.plist;
				LD_RUNPATH_SEARCH_PATHS = "$(inherited) @executable_path/Frameworks @loader_path/Frameworks";
				PRODUCT_BUNDLE_IDENTIFIER = com.hoanguyen.iOSSampleAppUITests;
				PRODUCT_NAME = "$(TARGET_NAME)";
				SWIFT_VERSION = 4.0;
				TARGETED_DEVICE_FAMILY = "1,2";
				TEST_TARGET_NAME = iOSSampleApp;
			};
			name = Release;
		};
/* End XCBuildConfiguration section */

/* Begin XCConfigurationList section */
		620A82862126C23E00B250B7 /* Build configuration list for PBXProject "iOSSampleApp" */ = {
			isa = XCConfigurationList;
			buildConfigurations = (
				620A82B12126C23E00B250B7 /* Debug */,
				620A82B22126C23E00B250B7 /* Release */,
			);
			defaultConfigurationIsVisible = 0;
			defaultConfigurationName = Release;
		};
		620A82B32126C23E00B250B7 /* Build configuration list for PBXNativeTarget "iOSSampleApp" */ = {
			isa = XCConfigurationList;
			buildConfigurations = (
				620A82B42126C23E00B250B7 /* Debug */,
				620A82B52126C23E00B250B7 /* Release */,
			);
			defaultConfigurationIsVisible = 0;
			defaultConfigurationName = Release;
		};
		620A82B62126C23E00B250B7 /* Build configuration list for PBXNativeTarget "iOSSampleAppTests" */ = {
			isa = XCConfigurationList;
			buildConfigurations = (
				620A82B72126C23E00B250B7 /* Debug */,
				620A82B82126C23E00B250B7 /* Release */,
			);
			defaultConfigurationIsVisible = 0;
			defaultConfigurationName = Release;
		};
		620A82B92126C23E00B250B7 /* Build configuration list for PBXNativeTarget "iOSSampleAppUITests" */ = {
			isa = XCConfigurationList;
			buildConfigurations = (
				620A82BA2126C23E00B250B7 /* Debug */,
				620A82BB2126C23E00B250B7 /* Release */,
			);
			defaultConfigurationIsVisible = 0;
			defaultConfigurationName = Release;
		};
/* End XCConfigurationList section */
	};
	rootObject = 620A82832126C23E00B250B7 /* Project object */;
}
